
Microsoft Visual Studio Solution File, Format Version 12.00
# Visual Studio 14
VisualStudioVersion = 14.0.23107.0
MinimumVisualStudioVersion = 10.0.40219.1
Project("{2150E333-8FDC-42A3-9474-1A3956D46DE8}") = "src", "src", "{69709413-C342-4F14-A1E5-1CAB35BFDB71}"
EndProject
Project("{2150E333-8FDC-42A3-9474-1A3956D46DE8}") = "Solution Items", "Solution Items", "{0E09B101-578A-47BC-AFB4-A0036DF88207}"
	ProjectSection(SolutionItems) = preProject
		global.json = global.json
	EndProjectSection
EndProject
Project("{8BB2217D-0F2D-49D1-97BC-3654ED321F3B}") = "ChatterBox", "src\ChatterBox\ChatterBox.xproj", "{144C30FD-D852-400E-90A9-BA9A1FC156B7}"
EndProject
Project("{2150E333-8FDC-42A3-9474-1A3956D46DE8}") = "test", "test", "{7DBBEBBB-7B13-40EA-AE0D-E4B48DE91A39}"
EndProject
Project("{8BB2217D-0F2D-49D1-97BC-3654ED321F3B}") = "ChatterBox.Tests", "test\ChatterBox.Tests\ChatterBox.Tests.xproj", "{50D59644-F765-4099-B459-0F0E11031169}"
EndProject
Project("{8BB2217D-0F2D-49D1-97BC-3654ED321F3B}") = "ChatterBox.Interfaces", "src\ChatterBox.Interfaces\ChatterBox.Interfaces.xproj", "{09457BA2-D50E-4FF9-83D6-15FC0D4A2924}"
EndProject
Project("{8BB2217D-0F2D-49D1-97BC-3654ED321F3B}") = "ChatterBox.Impl", "src\ChatterBox.Impl\ChatterBox.Impl.xproj", "{7D7DAB9F-0402-45B9-89E6-70F6D5828A31}"
EndProject
Global
	GlobalSection(SolutionConfigurationPlatforms) = preSolution
		Debug|Any CPU = Debug|Any CPU
		Release|Any CPU = Release|Any CPU
	EndGlobalSection
	GlobalSection(ProjectConfigurationPlatforms) = postSolution
		{144C30FD-D852-400E-90A9-BA9A1FC156B7}.Debug|Any CPU.ActiveCfg = Debug|Any CPU
		{144C30FD-D852-400E-90A9-BA9A1FC156B7}.Debug|Any CPU.Build.0 = Debug|Any CPU
		{144C30FD-D852-400E-90A9-BA9A1FC156B7}.Release|Any CPU.ActiveCfg = Release|Any CPU
		{144C30FD-D852-400E-90A9-BA9A1FC156B7}.Release|Any CPU.Build.0 = Release|Any CPU
		{50D59644-F765-4099-B459-0F0E11031169}.Debug|Any CPU.ActiveCfg = Debug|Any CPU
		{50D59644-F765-4099-B459-0F0E11031169}.Debug|Any CPU.Build.0 = Debug|Any CPU
		{50D59644-F765-4099-B459-0F0E11031169}.Release|Any CPU.ActiveCfg = Release|Any CPU
		{50D59644-F765-4099-B459-0F0E11031169}.Release|Any CPU.Build.0 = Release|Any CPU
		{09457BA2-D50E-4FF9-83D6-15FC0D4A2924}.Debug|Any CPU.ActiveCfg = Debug|Any CPU
		{09457BA2-D50E-4FF9-83D6-15FC0D4A2924}.Debug|Any CPU.Build.0 = Debug|Any CPU
		{09457BA2-D50E-4FF9-83D6-15FC0D4A2924}.Release|Any CPU.ActiveCfg = Release|Any CPU
		{09457BA2-D50E-4FF9-83D6-15FC0D4A2924}.Release|Any CPU.Build.0 = Release|Any CPU
		{7D7DAB9F-0402-45B9-89E6-70F6D5828A31}.Debug|Any CPU.ActiveCfg = Debug|Any CPU
		{7D7DAB9F-0402-45B9-89E6-70F6D5828A31}.Debug|Any CPU.Build.0 = Debug|Any CPU
		{7D7DAB9F-0402-45B9-89E6-70F6D5828A31}.Release|Any CPU.ActiveCfg = Release|Any CPU
		{7D7DAB9F-0402-45B9-89E6-70F6D5828A31}.Release|Any CPU.Build.0 = Release|Any CPU
	EndGlobalSection
	GlobalSection(SolutionProperties) = preSolution
		HideSolutionNode = FALSE
	EndGlobalSection
	GlobalSection(NestedProjects) = preSolution
		{144C30FD-D852-400E-90A9-BA9A1FC156B7} = {69709413-C342-4F14-A1E5-1CAB35BFDB71}
		{50D59644-F765-4099-B459-0F0E11031169} = {7DBBEBBB-7B13-40EA-AE0D-E4B48DE91A39}
		{09457BA2-D50E-4FF9-83D6-15FC0D4A2924} = {69709413-C342-4F14-A1E5-1CAB35BFDB71}
		{7D7DAB9F-0402-45B9-89E6-70F6D5828A31} = {69709413-C342-4F14-A1E5-1CAB35BFDB71}
	EndGlobalSection
EndGlobal
